
Microsoft Visual Studio Solution File, Format Version 12.00
# Visual Studio Version 16
VisualStudioVersion = 16.0.30611.23
MinimumVisualStudioVersion = 10.0.40219.1
Project("{FAE04EC0-301F-11D3-BF4B-00C04F79EFBC}") = "Lab08_Product", "Lab08_Product\Lab08_Product.csproj", "{8CEDF17D-C667-43C4-8561-C4367CB3F4DA}"
EndProject
Global
	GlobalSection(SolutionConfigurationPlatforms) = preSolution
		Debug|ARM = Debug|ARM
		Debug|ARM64 = Debug|ARM64
		Debug|x64 = Debug|x64
		Debug|x86 = Debug|x86
		Release|ARM = Release|ARM
		Release|ARM64 = Release|ARM64
		Release|x64 = Release|x64
		Release|x86 = Release|x86
	EndGlobalSection
	GlobalSection(ProjectConfigurationPlatforms) = postSolution
		{8CEDF17D-C667-43C4-8561-C4367CB3F4DA}.Debug|ARM.ActiveCfg = Debug|ARM
		{8CEDF17D-C667-43C4-8561-C4367CB3F4DA}.Debug|ARM.Build.0 = Debug|ARM
		{8CEDF17D-C667-43C4-8561-C4367CB3F4DA}.Debug|ARM.Deploy.0 = Debug|ARM
		{8CEDF17D-C667-43C4-8561-C4367CB3F4DA}.Debug|ARM64.ActiveCfg = Debug|ARM64
		{8CEDF17D-C667-43C4-8561-C4367CB3F4DA}.Debug|ARM64.Build.0 = Debug|ARM64
		{8CEDF17D-C667-43C4-8561-C4367CB3F4DA}.Debug|ARM64.Deploy.0 = Debug|ARM64
		{8CEDF17D-C667-43C4-8561-C4367CB3F4DA}.Debug|x64.ActiveCfg = Debug|x64
		{8CEDF17D-C667-43C4-8561-C4367CB3F4DA}.Debug|x64.Build.0 = Debug|x64
		{8CEDF17D-C667-43C4-8561-C4367CB3F4DA}.Debug|x64.Deploy.0 = Debug|x64
		{8CEDF17D-C667-43C4-8561-C4367CB3F4DA}.Debug|x86.ActiveCfg = Debug|x86
		{8CEDF17D-C667-43C4-8561-C4367CB3F4DA}.Debug|x86.Build.0 = Debug|x86
		{8CEDF17D-C667-43C4-8561-C4367CB3F4DA}.Debug|x86.Deploy.0 = Debug|x86
		{8CEDF17D-C667-43C4-8561-C4367CB3F4DA}.Release|ARM.ActiveCfg = Release|ARM
		{8CEDF17D-C667-43C4-8561-C4367CB3F4DA}.Release|ARM.Build.0 = Release|ARM
		{8CEDF17D-C667-43C4-8561-C4367CB3F4DA}.Release|ARM.Deploy.0 = Release|ARM
		{8CEDF17D-C667-43C4-8561-C4367CB3F4DA}.Release|ARM64.ActiveCfg = Release|ARM64
		{8CEDF17D-C667-43C4-8561-C4367CB3F4DA}.Release|ARM64.Build.0 = Release|ARM64
		{8CEDF17D-C667-43C4-8561-C4367CB3F4DA}.Release|ARM64.Deploy.0 = Release|ARM64
		{8CEDF17D-C667-43C4-8561-C4367CB3F4DA}.Release|x64.ActiveCfg = Release|x64
		{8CEDF17D-C667-43C4-8561-C4367CB3F4DA}.Release|x64.Build.0 = Release|x64
		{8CEDF17D-C667-43C4-8561-C4367CB3F4DA}.Release|x64.Deploy.0 = Release|x64
		{8CEDF17D-C667-43C4-8561-C4367CB3F4DA}.Release|x86.ActiveCfg = Release|x86
		{8CEDF17D-C667-43C4-8561-C4367CB3F4DA}.Release|x86.Build.0 = Release|x86
		{8CEDF17D-C667-43C4-8561-C4367CB3F4DA}.Release|x86.Deploy.0 = Release|x86
	EndGlobalSection
	GlobalSection(SolutionProperties) = preSolution
		HideSolutionNode = FALSE
	EndGlobalSection
	GlobalSection(ExtensibilityGlobals) = postSolution
		SolutionGuid = {6EF6575D-7022-4647-962A-6294FCF83D08}
	EndGlobalSection
EndGlobal
